{
  "name": "ed_project_croissant_team",
  "lockfileVersion": 3,
  "requires": true,
  "packages": {
    "": {
      "dependencies": {
        "create-vue": "^3.18.2"
      }
    },
    "node_modules/create-vue": {
      "version": "3.18.2",
      "resolved": "https://registry.npmjs.org/create-vue/-/create-vue-3.18.2.tgz",
      "integrity": "sha512-A5WHUyiF10Ykhbake9ROcciODe3DqCuLMvPKr2wEWtNOYNfloS7QgYN7l8NTFfbDHIxVmVna3lYlqsXh3bjWCQ==",
      "license": "MIT",
      "bin": {
        "create-vue": "bundle.js"
      },
      "engines": {
        "node": "^20.19.0 || >=22.12.0"
      }
    }
  }
}
